
Microsoft Visual Studio Solution File, Format Version 12.00
# Visual Studio Version 17
VisualStudioVersion = 17.0.31717.71
MinimumVisualStudioVersion = 10.0.40219.1
Project("{FAE04EC0-301F-11D3-BF4B-00C04F79EFBC}") = "Temporizador", "Temporizador\Temporizador.csproj", "{1E7C6258-EBC5-41C2-8291-615611859158}"
EndProject
Global
	GlobalSection(SolutionConfigurationPlatforms) = preSolution
		Debug|Any CPU = Debug|Any CPU
		Release|Any CPU = Release|Any CPU
	EndGlobalSection
	GlobalSection(ProjectConfigurationPlatforms) = postSolution
		{1E7C6258-EBC5-41C2-8291-615611859158}.Debug|Any CPU.ActiveCfg = Debug|Any CPU
		{1E7C6258-EBC5-41C2-8291-615611859158}.Debug|Any CPU.Build.0 = Debug|Any CPU
		{1E7C6258-EBC5-41C2-8291-615611859158}.Release|Any CPU.ActiveCfg = Release|Any CPU
		{1E7C6258-EBC5-41C2-8291-615611859158}.Release|Any CPU.Build.0 = Release|Any CPU
	EndGlobalSection
	GlobalSection(SolutionProperties) = preSolution
		HideSolutionNode = FALSE
	EndGlobalSection
	GlobalSection(ExtensibilityGlobals) = postSolution
		SolutionGuid = {75A13FDA-5206-431E-AD45-120F2AB44512}
	EndGlobalSection
EndGlobal
